// !$*UTF8*$!
{
	archiveVersion = 1;
	classes = {
	};
	objectVersion = 46;
	objects = {

/* Begin PBXBuildFile section */
		242BA6FB1E89840500694114 /* CreateAccountViewController.swift in Sources */ = {isa = PBXBuildFile; fileRef = 242BA6FA1E89840500694114 /* CreateAccountViewController.swift */; };
		244AB15C1E8C3DF700E4F665 /* QuestionCell.swift in Sources */ = {isa = PBXBuildFile; fileRef = 244AB15B1E8C3DF700E4F665 /* QuestionCell.swift */; };
		244AB15F1E8EC9B500E4F665 /* QuestionsViewModel.swift in Sources */ = {isa = PBXBuildFile; fileRef = 244AB15E1E8EC9B500E4F665 /* QuestionsViewModel.swift */; };
		244AB1681E8EEF3300E4F665 /* HTTPHeader.swift in Sources */ = {isa = PBXBuildFile; fileRef = 244AB1671E8EEF3300E4F665 /* HTTPHeader.swift */; };
		244AB16B1E8EF33D00E4F665 /* Gettable.swift in Sources */ = {isa = PBXBuildFile; fileRef = 244AB16A1E8EF33D00E4F665 /* Gettable.swift */; };
		244AB1771E8EF7E700E4F665 /* Dictionary.swift in Sources */ = {isa = PBXBuildFile; fileRef = 244AB1761E8EF7E700E4F665 /* Dictionary.swift */; };
		244AB1791E8EFAE100E4F665 /* Result.swift in Sources */ = {isa = PBXBuildFile; fileRef = 244AB1781E8EFAE100E4F665 /* Result.swift */; };
		246453271E831C2D00ADCD85 /* User.swift in Sources */ = {isa = PBXBuildFile; fileRef = 246453261E831C2D00ADCD85 /* User.swift */; };
		246453291E831DF200ADCD85 /* Answer.swift in Sources */ = {isa = PBXBuildFile; fileRef = 246453281E831DF200ADCD85 /* Answer.swift */; };
		2464532B1E831E3D00ADCD85 /* Like.swift in Sources */ = {isa = PBXBuildFile; fileRef = 2464532A1E831E3D00ADCD85 /* Like.swift */; };
		2464532D1E831E5500ADCD85 /* Comment.swift in Sources */ = {isa = PBXBuildFile; fileRef = 2464532C1E831E5500ADCD85 /* Comment.swift */; };
		2464532F1E831E6D00ADCD85 /* Question.swift in Sources */ = {isa = PBXBuildFile; fileRef = 2464532E1E831E6D00ADCD85 /* Question.swift */; };
		246453311E8338B300ADCD85 /* LoginViewController.swift in Sources */ = {isa = PBXBuildFile; fileRef = 246453301E8338B300ADCD85 /* LoginViewController.swift */; };
		246453351E85AA0100ADCD85 /* MainViewController.swift in Sources */ = {isa = PBXBuildFile; fileRef = 246453341E85AA0100ADCD85 /* MainViewController.swift */; };
		246453371E85AA4900ADCD85 /* AnswerTabViewController.swift in Sources */ = {isa = PBXBuildFile; fileRef = 246453361E85AA4900ADCD85 /* AnswerTabViewController.swift */; };
		246453391E85AA9300ADCD85 /* QuestionsTabViewController.swift in Sources */ = {isa = PBXBuildFile; fileRef = 246453381E85AA9300ADCD85 /* QuestionsTabViewController.swift */; };
		2464533B1E85AAAD00ADCD85 /* ProfileTabViewController.swift in Sources */ = {isa = PBXBuildFile; fileRef = 2464533A1E85AAAD00ADCD85 /* ProfileTabViewController.swift */; };
		24751F541E8048B3007857A2 /* AppDelegate.swift in Sources */ = {isa = PBXBuildFile; fileRef = 24751F531E8048B3007857A2 /* AppDelegate.swift */; };
		24751F591E8048B3007857A2 /* Main.storyboard in Resources */ = {isa = PBXBuildFile; fileRef = 24751F571E8048B3007857A2 /* Main.storyboard */; };
		24751F5B1E8048B4007857A2 /* Assets.xcassets in Resources */ = {isa = PBXBuildFile; fileRef = 24751F5A1E8048B4007857A2 /* Assets.xcassets */; };
		24751F5E1E8048B4007857A2 /* LaunchScreen.storyboard in Resources */ = {isa = PBXBuildFile; fileRef = 24751F5C1E8048B4007857A2 /* LaunchScreen.storyboard */; };
		24751F6E1E804F62007857A2 /* WhaleService.swift in Sources */ = {isa = PBXBuildFile; fileRef = 24751F6D1E804F62007857A2 /* WhaleService.swift */; };
		F38A6FC35B4DECDD040D9E32 /* Pods_Whale.framework in Frameworks */ = {isa = PBXBuildFile; fileRef = ED3CCF3E7422975C99442E9C /* Pods_Whale.framework */; };
/* End PBXBuildFile section */

/* Begin PBXFileReference section */
		242BA6FA1E89840500694114 /* CreateAccountViewController.swift */ = {isa = PBXFileReference; fileEncoding = 4; lastKnownFileType = sourcecode.swift; path = CreateAccountViewController.swift; sourceTree = "<group>"; };
		244AB15B1E8C3DF700E4F665 /* QuestionCell.swift */ = {isa = PBXFileReference; fileEncoding = 4; lastKnownFileType = sourcecode.swift; path = QuestionCell.swift; sourceTree = "<group>"; };
		244AB15E1E8EC9B500E4F665 /* QuestionsViewModel.swift */ = {isa = PBXFileReference; fileEncoding = 4; lastKnownFileType = sourcecode.swift; path = QuestionsViewModel.swift; sourceTree = "<group>"; };
		244AB1671E8EEF3300E4F665 /* HTTPHeader.swift */ = {isa = PBXFileReference; fileEncoding = 4; lastKnownFileType = sourcecode.swift; name = HTTPHeader.swift; path = ../APIClient/HTTPHeader.swift; sourceTree = "<group>"; };
		244AB16A1E8EF33D00E4F665 /* Gettable.swift */ = {isa = PBXFileReference; fileEncoding = 4; lastKnownFileType = sourcecode.swift; path = Gettable.swift; sourceTree = "<group>"; };
		244AB1761E8EF7E700E4F665 /* Dictionary.swift */ = {isa = PBXFileReference; fileEncoding = 4; lastKnownFileType = sourcecode.swift; path = Dictionary.swift; sourceTree = "<group>"; };
		244AB1781E8EFAE100E4F665 /* Result.swift */ = {isa = PBXFileReference; fileEncoding = 4; lastKnownFileType = sourcecode.swift; path = Result.swift; sourceTree = "<group>"; };
		246453261E831C2D00ADCD85 /* User.swift */ = {isa = PBXFileReference; fileEncoding = 4; lastKnownFileType = sourcecode.swift; path = User.swift; sourceTree = "<group>"; };
		246453281E831DF200ADCD85 /* Answer.swift */ = {isa = PBXFileReference; fileEncoding = 4; lastKnownFileType = sourcecode.swift; path = Answer.swift; sourceTree = "<group>"; };
		2464532A1E831E3D00ADCD85 /* Like.swift */ = {isa = PBXFileReference; fileEncoding = 4; lastKnownFileType = sourcecode.swift; path = Like.swift; sourceTree = "<group>"; };
		2464532C1E831E5500ADCD85 /* Comment.swift */ = {isa = PBXFileReference; fileEncoding = 4; lastKnownFileType = sourcecode.swift; path = Comment.swift; sourceTree = "<group>"; };
		2464532E1E831E6D00ADCD85 /* Question.swift */ = {isa = PBXFileReference; fileEncoding = 4; lastKnownFileType = sourcecode.swift; path = Question.swift; sourceTree = "<group>"; };
		246453301E8338B300ADCD85 /* LoginViewController.swift */ = {isa = PBXFileReference; fileEncoding = 4; lastKnownFileType = sourcecode.swift; path = LoginViewController.swift; sourceTree = "<group>"; };
		246453341E85AA0100ADCD85 /* MainViewController.swift */ = {isa = PBXFileReference; fileEncoding = 4; lastKnownFileType = sourcecode.swift; path = MainViewController.swift; sourceTree = "<group>"; };
		246453361E85AA4900ADCD85 /* AnswerTabViewController.swift */ = {isa = PBXFileReference; fileEncoding = 4; lastKnownFileType = sourcecode.swift; path = AnswerTabViewController.swift; sourceTree = "<group>"; };
		246453381E85AA9300ADCD85 /* QuestionsTabViewController.swift */ = {isa = PBXFileReference; fileEncoding = 4; lastKnownFileType = sourcecode.swift; path = QuestionsTabViewController.swift; sourceTree = "<group>"; };
		2464533A1E85AAAD00ADCD85 /* ProfileTabViewController.swift */ = {isa = PBXFileReference; fileEncoding = 4; lastKnownFileType = sourcecode.swift; path = ProfileTabViewController.swift; sourceTree = "<group>"; };
		24751F501E8048B3007857A2 /* Whale.app */ = {isa = PBXFileReference; explicitFileType = wrapper.application; includeInIndex = 0; path = Whale.app; sourceTree = BUILT_PRODUCTS_DIR; };
		24751F531E8048B3007857A2 /* AppDelegate.swift */ = {isa = PBXFileReference; lastKnownFileType = sourcecode.swift; path = AppDelegate.swift; sourceTree = "<group>"; };
		24751F581E8048B3007857A2 /* Base */ = {isa = PBXFileReference; lastKnownFileType = file.storyboard; name = Base; path = Base.lproj/Main.storyboard; sourceTree = "<group>"; };
		24751F5A1E8048B4007857A2 /* Assets.xcassets */ = {isa = PBXFileReference; lastKnownFileType = folder.assetcatalog; path = Assets.xcassets; sourceTree = "<group>"; };
		24751F5D1E8048B4007857A2 /* Base */ = {isa = PBXFileReference; lastKnownFileType = file.storyboard; name = Base; path = Base.lproj/LaunchScreen.storyboard; sourceTree = "<group>"; };
		24751F5F1E8048B4007857A2 /* Info.plist */ = {isa = PBXFileReference; lastKnownFileType = text.plist.xml; path = Info.plist; sourceTree = "<group>"; };
		24751F6D1E804F62007857A2 /* WhaleService.swift */ = {isa = PBXFileReference; fileEncoding = 4; lastKnownFileType = sourcecode.swift; path = WhaleService.swift; sourceTree = "<group>"; };
		4B69FD05430EC7E2A7A8425D /* Pods-Whale.debug.xcconfig */ = {isa = PBXFileReference; includeInIndex = 1; lastKnownFileType = text.xcconfig; name = "Pods-Whale.debug.xcconfig"; path = "Pods/Target Support Files/Pods-Whale/Pods-Whale.debug.xcconfig"; sourceTree = "<group>"; };
		737C648810AB66484E6E5870 /* Pods-Whale.release.xcconfig */ = {isa = PBXFileReference; includeInIndex = 1; lastKnownFileType = text.xcconfig; name = "Pods-Whale.release.xcconfig"; path = "Pods/Target Support Files/Pods-Whale/Pods-Whale.release.xcconfig"; sourceTree = "<group>"; };
		ED3CCF3E7422975C99442E9C /* Pods_Whale.framework */ = {isa = PBXFileReference; explicitFileType = wrapper.framework; includeInIndex = 0; path = Pods_Whale.framework; sourceTree = BUILT_PRODUCTS_DIR; };
/* End PBXFileReference section */

/* Begin PBXFrameworksBuildPhase section */
		24751F4D1E8048B3007857A2 /* Frameworks */ = {
			isa = PBXFrameworksBuildPhase;
			buildActionMask = 2147483647;
			files = (
				F38A6FC35B4DECDD040D9E32 /* Pods_Whale.framework in Frameworks */,
			);
			runOnlyForDeploymentPostprocessing = 0;
		};
/* End PBXFrameworksBuildPhase section */

/* Begin PBXGroup section */
		1A3E4276B38ABC6C2EA0A338 /* Pods */ = {
			isa = PBXGroup;
			children = (
				4B69FD05430EC7E2A7A8425D /* Pods-Whale.debug.xcconfig */,
				737C648810AB66484E6E5870 /* Pods-Whale.release.xcconfig */,
			);
			name = Pods;
			sourceTree = "<group>";
		};
		244AB15D1E8EC99A00E4F665 /* ViewModels */ = {
			isa = PBXGroup;
			children = (
				244AB15E1E8EC9B500E4F665 /* QuestionsViewModel.swift */,
			);
			path = ViewModels;
			sourceTree = "<group>";
		};
		244AB1601E8EEE3800E4F665 /* Protocols */ = {
			isa = PBXGroup;
			children = (
				244AB16A1E8EF33D00E4F665 /* Gettable.swift */,
			);
			path = Protocols;
			sourceTree = "<group>";
		};
		244AB1691E8EEF4900E4F665 /* Helpers */ = {
			isa = PBXGroup;
			children = (
				244AB1671E8EEF3300E4F665 /* HTTPHeader.swift */,
				244AB1781E8EFAE100E4F665 /* Result.swift */,
			);
			path = Helpers;
			sourceTree = "<group>";
		};
		24751F471E8048B3007857A2 = {
			isa = PBXGroup;
			children = (
				24751F521E8048B3007857A2 /* Whale */,
				24751F511E8048B3007857A2 /* Products */,
				1A3E4276B38ABC6C2EA0A338 /* Pods */,
				C1ADF31452D81830ADD02743 /* Frameworks */,
			);
			sourceTree = "<group>";
		};
		24751F511E8048B3007857A2 /* Products */ = {
			isa = PBXGroup;
			children = (
				24751F501E8048B3007857A2 /* Whale.app */,
			);
			name = Products;
			sourceTree = "<group>";
		};
		24751F521E8048B3007857A2 /* Whale */ = {
			isa = PBXGroup;
			children = (
				244AB1601E8EEE3800E4F665 /* Protocols */,
				24751F6C1E8049A8007857A2 /* Extensions */,
				24751F691E804999007857A2 /* Networking */,
				24751F651E804983007857A2 /* UI */,
				24751F531E8048B3007857A2 /* AppDelegate.swift */,
				24751F5A1E8048B4007857A2 /* Assets.xcassets */,
				24751F5F1E8048B4007857A2 /* Info.plist */,
			);
			path = Whale;
			sourceTree = "<group>";
		};
		24751F651E804983007857A2 /* UI */ = {
			isa = PBXGroup;
			children = (
				244AB15D1E8EC99A00E4F665 /* ViewModels */,
				24751F661E804983007857A2 /* Cells */,
				24751F671E804983007857A2 /* Scenes */,
				24751F681E804983007857A2 /* Storyboards */,
			);
			path = UI;
			sourceTree = "<group>";
		};
		24751F661E804983007857A2 /* Cells */ = {
			isa = PBXGroup;
			children = (
				244AB15B1E8C3DF700E4F665 /* QuestionCell.swift */,
			);
			path = Cells;
			sourceTree = "<group>";
		};
		24751F671E804983007857A2 /* Scenes */ = {
			isa = PBXGroup;
			children = (
				246453301E8338B300ADCD85 /* LoginViewController.swift */,
				246453341E85AA0100ADCD85 /* MainViewController.swift */,
				246453361E85AA4900ADCD85 /* AnswerTabViewController.swift */,
				246453381E85AA9300ADCD85 /* QuestionsTabViewController.swift */,
				2464533A1E85AAAD00ADCD85 /* ProfileTabViewController.swift */,
				242BA6FA1E89840500694114 /* CreateAccountViewController.swift */,
			);
			path = Scenes;
			sourceTree = "<group>";
		};
		24751F681E804983007857A2 /* Storyboards */ = {
			isa = PBXGroup;
			children = (
				24751F571E8048B3007857A2 /* Main.storyboard */,
				24751F5C1E8048B4007857A2 /* LaunchScreen.storyboard */,
			);
			path = Storyboards;
			sourceTree = "<group>";
		};
		24751F691E804999007857A2 /* Networking */ = {
			isa = PBXGroup;
			children = (
				244AB1691E8EEF4900E4F665 /* Helpers */,
				24751F6A1E804999007857A2 /* APIClient */,
				24751F6B1E804999007857A2 /* Models */,
			);
			path = Networking;
			sourceTree = "<group>";
		};
		24751F6A1E804999007857A2 /* APIClient */ = {
			isa = PBXGroup;
			children = (
				24751F6D1E804F62007857A2 /* WhaleService.swift */,
			);
			path = APIClient;
			sourceTree = "<group>";
		};
		24751F6B1E804999007857A2 /* Models */ = {
			isa = PBXGroup;
			children = (
				246453261E831C2D00ADCD85 /* User.swift */,
				246453281E831DF200ADCD85 /* Answer.swift */,
				2464532A1E831E3D00ADCD85 /* Like.swift */,
				2464532C1E831E5500ADCD85 /* Comment.swift */,
				2464532E1E831E6D00ADCD85 /* Question.swift */,
			);
			path = Models;
			sourceTree = "<group>";
		};
		24751F6C1E8049A8007857A2 /* Extensions */ = {
			isa = PBXGroup;
			children = (
				244AB1761E8EF7E700E4F665 /* Dictionary.swift */,
			);
			path = Extensions;
			sourceTree = "<group>";
		};
		C1ADF31452D81830ADD02743 /* Frameworks */ = {
			isa = PBXGroup;
			children = (
				ED3CCF3E7422975C99442E9C /* Pods_Whale.framework */,
			);
			name = Frameworks;
			sourceTree = "<group>";
		};
/* End PBXGroup section */

/* Begin PBXNativeTarget section */
		24751F4F1E8048B3007857A2 /* Whale */ = {
			isa = PBXNativeTarget;
			buildConfigurationList = 24751F621E8048B4007857A2 /* Build configuration list for PBXNativeTarget "Whale" */;
			buildPhases = (
				2F2D5DD0C5C84E88CD56F610 /* [CP] Check Pods Manifest.lock */,
				24751F4C1E8048B3007857A2 /* Sources */,
				24751F4D1E8048B3007857A2 /* Frameworks */,
				24751F4E1E8048B3007857A2 /* Resources */,
				045BB5CFBE9E3214F4E59D95 /* [CP] Embed Pods Frameworks */,
				BF2D702B0F67D6E0705D1B60 /* [CP] Copy Pods Resources */,
			);
			buildRules = (
			);
			dependencies = (
			);
			name = Whale;
			productName = Whale;
			productReference = 24751F501E8048B3007857A2 /* Whale.app */;
			productType = "com.apple.product-type.application";
		};
/* End PBXNativeTarget section */

/* Begin PBXProject section */
		24751F481E8048B3007857A2 /* Project object */ = {
			isa = PBXProject;
			attributes = {
				LastSwiftUpdateCheck = 0820;
				LastUpgradeCheck = 0820;
				ORGANIZATIONNAME = twof;
				TargetAttributes = {
					24751F4F1E8048B3007857A2 = {
						CreatedOnToolsVersion = 8.2.1;
						ProvisioningStyle = Automatic;
					};
				};
			};
			buildConfigurationList = 24751F4B1E8048B3007857A2 /* Build configuration list for PBXProject "Whale" */;
			compatibilityVersion = "Xcode 3.2";
			developmentRegion = English;
			hasScannedForEncodings = 0;
			knownRegions = (
				en,
				Base,
			);
			mainGroup = 24751F471E8048B3007857A2;
			productRefGroup = 24751F511E8048B3007857A2 /* Products */;
			projectDirPath = "";
			projectRoot = "";
			targets = (
				24751F4F1E8048B3007857A2 /* Whale */,
			);
		};
/* End PBXProject section */

/* Begin PBXResourcesBuildPhase section */
		24751F4E1E8048B3007857A2 /* Resources */ = {
			isa = PBXResourcesBuildPhase;
			buildActionMask = 2147483647;
			files = (
				24751F5E1E8048B4007857A2 /* LaunchScreen.storyboard in Resources */,
				24751F5B1E8048B4007857A2 /* Assets.xcassets in Resources */,
				24751F591E8048B3007857A2 /* Main.storyboard in Resources */,
			);
			runOnlyForDeploymentPostprocessing = 0;
		};
/* End PBXResourcesBuildPhase section */

/* Begin PBXShellScriptBuildPhase section */
		045BB5CFBE9E3214F4E59D95 /* [CP] Embed Pods Frameworks */ = {
			isa = PBXShellScriptBuildPhase;
			buildActionMask = 2147483647;
			files = (
			);
			inputPaths = (
			);
			name = "[CP] Embed Pods Frameworks";
			outputPaths = (
			);
			runOnlyForDeploymentPostprocessing = 0;
			shellPath = /bin/sh;
			shellScript = "\"${SRCROOT}/Pods/Target Support Files/Pods-Whale/Pods-Whale-frameworks.sh\"\n";
			showEnvVarsInLog = 0;
		};
		2F2D5DD0C5C84E88CD56F610 /* [CP] Check Pods Manifest.lock */ = {
			isa = PBXShellScriptBuildPhase;
			buildActionMask = 2147483647;
			files = (
			);
			inputPaths = (
			);
			name = "[CP] Check Pods Manifest.lock";
			outputPaths = (
			);
			runOnlyForDeploymentPostprocessing = 0;
			shellPath = /bin/sh;
			shellScript = "diff \"${PODS_ROOT}/../Podfile.lock\" \"${PODS_ROOT}/Manifest.lock\" > /dev/null\nif [ $? != 0 ] ; then\n    # print error to STDERR\n    echo \"error: The sandbox is not in sync with the Podfile.lock. Run 'pod install' or update your CocoaPods installation.\" >&2\n    exit 1\nfi\n";
			showEnvVarsInLog = 0;
		};
		BF2D702B0F67D6E0705D1B60 /* [CP] Copy Pods Resources */ = {
			isa = PBXShellScriptBuildPhase;
			buildActionMask = 2147483647;
			files = (
			);
			inputPaths = (
			);
			name = "[CP] Copy Pods Resources";
			outputPaths = (
			);
			runOnlyForDeploymentPostprocessing = 0;
			shellPath = /bin/sh;
			shellScript = "\"${SRCROOT}/Pods/Target Support Files/Pods-Whale/Pods-Whale-resources.sh\"\n";
			showEnvVarsInLog = 0;
		};
/* End PBXShellScriptBuildPhase section */

/* Begin PBXSourcesBuildPhase section */
		24751F4C1E8048B3007857A2 /* Sources */ = {
			isa = PBXSourcesBuildPhase;
			buildActionMask = 2147483647;
			files = (
				244AB1681E8EEF3300E4F665 /* HTTPHeader.swift in Sources */,
				24751F6E1E804F62007857A2 /* WhaleService.swift in Sources */,
				244AB1791E8EFAE100E4F665 /* Result.swift in Sources */,
				2464532D1E831E5500ADCD85 /* Comment.swift in Sources */,
				24751F541E8048B3007857A2 /* AppDelegate.swift in Sources */,
				244AB15C1E8C3DF700E4F665 /* QuestionCell.swift in Sources */,
				246453271E831C2D00ADCD85 /* User.swift in Sources */,
				246453371E85AA4900ADCD85 /* AnswerTabViewController.swift in Sources */,
				242BA6FB1E89840500694114 /* CreateAccountViewController.swift in Sources */,
				244AB15F1E8EC9B500E4F665 /* QuestionsViewModel.swift in Sources */,
				246453311E8338B300ADCD85 /* LoginViewController.swift in Sources */,
				244AB1771E8EF7E700E4F665 /* Dictionary.swift in Sources */,
				244AB16B1E8EF33D00E4F665 /* Gettable.swift in Sources */,
				246453291E831DF200ADCD85 /* Answer.swift in Sources */,
				246453391E85AA9300ADCD85 /* QuestionsTabViewController.swift in Sources */,
				2464533B1E85AAAD00ADCD85 /* ProfileTabViewController.swift in Sources */,
				246453351E85AA0100ADCD85 /* MainViewController.swift in Sources */,
				2464532F1E831E6D00ADCD85 /* Question.swift in Sources */,
				2464532B1E831E3D00ADCD85 /* Like.swift in Sources */,
			);
			runOnlyForDeploymentPostprocessing = 0;
		};
/* End PBXSourcesBuildPhase section */

/* Begin PBXVariantGroup section */
		24751F571E8048B3007857A2 /* Main.storyboard */ = {
			isa = PBXVariantGroup;
			children = (
				24751F581E8048B3007857A2 /* Base */,
			);
			name = Main.storyboard;
			path = ../..;
			sourceTree = "<group>";
		};
		24751F5C1E8048B4007857A2 /* LaunchScreen.storyboard */ = {
			isa = PBXVariantGroup;
			children = (
				24751F5D1E8048B4007857A2 /* Base */,
			);
			name = LaunchScreen.storyboard;
			path = ../..;
			sourceTree = "<group>";
		};
/* End PBXVariantGroup section */

/* Begin XCBuildConfiguration section */
		24751F601E8048B4007857A2 /* Debug */ = {
			isa = XCBuildConfiguration;
			buildSettings = {
				ALWAYS_SEARCH_USER_PATHS = NO;
				CLANG_ANALYZER_NONNULL = YES;
				CLANG_CXX_LANGUAGE_STANDARD = "gnu++0x";
				CLANG_CXX_LIBRARY = "libc++";
				CLANG_ENABLE_MODULES = YES;
				CLANG_ENABLE_OBJC_ARC = YES;
				CLANG_WARN_BOOL_CONVERSION = YES;
				CLANG_WARN_CONSTANT_CONVERSION = YES;
				CLANG_WARN_DIRECT_OBJC_ISA_USAGE = YES_ERROR;
				CLANG_WARN_DOCUMENTATION_COMMENTS = YES;
				CLANG_WARN_EMPTY_BODY = YES;
				CLANG_WARN_ENUM_CONVERSION = YES;
				CLANG_WARN_INFINITE_RECURSION = YES;
				CLANG_WARN_INT_CONVERSION = YES;
				CLANG_WARN_OBJC_ROOT_CLASS = YES_ERROR;
				CLANG_WARN_SUSPICIOUS_MOVE = YES;
				CLANG_WARN_UNREACHABLE_CODE = YES;
				CLANG_WARN__DUPLICATE_METHOD_MATCH = YES;
				"CODE_SIGN_IDENTITY[sdk=iphoneos*]" = "iPhone Developer";
				COPY_PHASE_STRIP = NO;
				DEBUG_INFORMATION_FORMAT = dwarf;
				ENABLE_STRICT_OBJC_MSGSEND = YES;
				ENABLE_TESTABILITY = YES;
				GCC_C_LANGUAGE_STANDARD = gnu99;
				GCC_DYNAMIC_NO_PIC = NO;
				GCC_NO_COMMON_BLOCKS = YES;
				GCC_OPTIMIZATION_LEVEL = 0;
				GCC_PREPROCESSOR_DEFINITIONS = (
					"DEBUG=1",
					"$(inherited)",
				);
				GCC_WARN_64_TO_32_BIT_CONVERSION = YES;
				GCC_WARN_ABOUT_RETURN_TYPE = YES_ERROR;
				GCC_WARN_UNDECLARED_SELECTOR = YES;
				GCC_WARN_UNINITIALIZED_AUTOS = YES_AGGRESSIVE;
				GCC_WARN_UNUSED_FUNCTION = YES;
				GCC_WARN_UNUSED_VARIABLE = YES;
				IPHONEOS_DEPLOYMENT_TARGET = 10.2;
				MTL_ENABLE_DEBUG_INFO = YES;
				ONLY_ACTIVE_ARCH = YES;
				SDKROOT = iphoneos;
				SWIFT_ACTIVE_COMPILATION_CONDITIONS = DEBUG;
				SWIFT_OPTIMIZATION_LEVEL = "-Onone";
			};
			name = Debug;
		};
		24751F611E8048B4007857A2 /* Release */ = {
			isa = XCBuildConfiguration;
			buildSettings = {
				ALWAYS_SEARCH_USER_PATHS = NO;
				CLANG_ANALYZER_NONNULL = YES;
				CLANG_CXX_LANGUAGE_STANDARD = "gnu++0x";
				CLANG_CXX_LIBRARY = "libc++";
				CLANG_ENABLE_MODULES = YES;
				CLANG_ENABLE_OBJC_ARC = YES;
				CLANG_WARN_BOOL_CONVERSION = YES;
				CLANG_WARN_CONSTANT_CONVERSION = YES;
				CLANG_WARN_DIRECT_OBJC_ISA_USAGE = YES_ERROR;
				CLANG_WARN_DOCUMENTATION_COMMENTS = YES;
				CLANG_WARN_EMPTY_BODY = YES;
				CLANG_WARN_ENUM_CONVERSION = YES;
				CLANG_WARN_INFINITE_RECURSION = YES;
				CLANG_WARN_INT_CONVERSION = YES;
				CLANG_WARN_OBJC_ROOT_CLASS = YES_ERROR;
				CLANG_WARN_SUSPICIOUS_MOVE = YES;
				CLANG_WARN_UNREACHABLE_CODE = YES;
				CLANG_WARN__DUPLICATE_METHOD_MATCH = YES;
				"CODE_SIGN_IDENTITY[sdk=iphoneos*]" = "iPhone Developer";
				COPY_PHASE_STRIP = NO;
				DEBUG_INFORMATION_FORMAT = "dwarf-with-dsym";
				ENABLE_NS_ASSERTIONS = NO;
				ENABLE_STRICT_OBJC_MSGSEND = YES;
				GCC_C_LANGUAGE_STANDARD = gnu99;
				GCC_NO_COMMON_BLOCKS = YES;
				GCC_WARN_64_TO_32_BIT_CONVERSION = YES;
				GCC_WARN_ABOUT_RETURN_TYPE = YES_ERROR;
				GCC_WARN_UNDECLARED_SELECTOR = YES;
				GCC_WARN_UNINITIALIZED_AUTOS = YES_AGGRESSIVE;
				GCC_WARN_UNUSED_FUNCTION = YES;
				GCC_WARN_UNUSED_VARIABLE = YES;
				IPHONEOS_DEPLOYMENT_TARGET = 10.2;
				MTL_ENABLE_DEBUG_INFO = NO;
				SDKROOT = iphoneos;
				SWIFT_OPTIMIZATION_LEVEL = "-Owholemodule";
				VALIDATE_PRODUCT = YES;
			};
			name = Release;
		};
		24751F631E8048B4007857A2 /* Debug */ = {
			isa = XCBuildConfiguration;
			baseConfigurationReference = 4B69FD05430EC7E2A7A8425D /* Pods-Whale.debug.xcconfig */;
			buildSettings = {
				ASSETCATALOG_COMPILER_APPICON_NAME = AppIcon;
				INFOPLIST_FILE = Whale/Info.plist;
				LD_RUNPATH_SEARCH_PATHS = "$(inherited) @executable_path/Frameworks";
				PRODUCT_BUNDLE_IDENTIFIER = com.twof.Whale;
				PRODUCT_NAME = "$(TARGET_NAME)";
				SWIFT_VERSION = 3.0;
			};
			name = Debug;
		};
		24751F641E8048B4007857A2 /* Release */ = {
			isa = XCBuildConfiguration;
			baseConfigurationReference = 737C648810AB66484E6E5870 /* Pods-Whale.release.xcconfig */;
			buildSettings = {
				ASSETCATALOG_COMPILER_APPICON_NAME = AppIcon;
				INFOPLIST_FILE = Whale/Info.plist;
				LD_RUNPATH_SEARCH_PATHS = "$(inherited) @executable_path/Frameworks";
				PRODUCT_BUNDLE_IDENTIFIER = com.twof.Whale;
				PRODUCT_NAME = "$(TARGET_NAME)";
				SWIFT_VERSION = 3.0;
			};
			name = Release;
		};
/* End XCBuildConfiguration section */

/* Begin XCConfigurationList section */
		24751F4B1E8048B3007857A2 /* Build configuration list for PBXProject "Whale" */ = {
			isa = XCConfigurationList;
			buildConfigurations = (
				24751F601E8048B4007857A2 /* Debug */,
				24751F611E8048B4007857A2 /* Release */,
			);
			defaultConfigurationIsVisible = 0;
			defaultConfigurationName = Release;
		};
		24751F621E8048B4007857A2 /* Build configuration list for PBXNativeTarget "Whale" */ = {
			isa = XCConfigurationList;
			buildConfigurations = (
				24751F631E8048B4007857A2 /* Debug */,
				24751F641E8048B4007857A2 /* Release */,
			);
			defaultConfigurationIsVisible = 0;
			defaultConfigurationName = Release;
		};
/* End XCConfigurationList section */
	};
	rootObject = 24751F481E8048B3007857A2 /* Project object */;
}
